
Microsoft Visual Studio Solution File, Format Version 12.00
# Visual Studio Version 17
VisualStudioVersion = 17.6.33417.168
MinimumVisualStudioVersion = 10.0.40219.1
Project("{FAE04EC0-301F-11D3-BF4B-00C04F79EFBC}") = "net-8", "net-8.csproj", "{3A449C3E-408B-4A42-B407-186F88412106}"
EndProject
Global
	GlobalSection(SolutionConfigurationPlatforms) = preSolution
		Debug|Any CPU = Debug|Any CPU
		Release|Any CPU = Release|Any CPU
	EndGlobalSection
	GlobalSection(ProjectConfigurationPlatforms) = postSolution
		{3A449C3E-408B-4A42-B407-186F88412106}.Debug|Any CPU.ActiveCfg = Debug|Any CPU
		{3A449C3E-408B-4A42-B407-186F88412106}.Debug|Any CPU.Build.0 = Debug|Any CPU
		{3A449C3E-408B-4A42-B407-186F88412106}.Release|Any CPU.ActiveCfg = Release|Any CPU
		{3A449C3E-408B-4A42-B407-186F88412106}.Release|Any CPU.Build.0 = Release|Any CPU
	EndGlobalSection
	GlobalSection(SolutionProperties) = preSolution
		HideSolutionNode = FALSE
	EndGlobalSection
	GlobalSection(ExtensibilityGlobals) = postSolution
		SolutionGuid = {2F4E77D8-B2C0-4CCA-BE85-A6AB000B88EC}
	EndGlobalSection
EndGlobal
